// !$*UTF8*$!
{
	archiveVersion = 1;
	classes = {
	};
	objectVersion = 56;
	objects = {

/* Begin PBXBuildFile section */
		F20000000000000000000001 /* ChatBotApp.swift in Sources */ = {isa = PBXBuildFile; fileRef = F10000000000000000000001 /* ChatBotApp.swift */; };
		F20000000000000000000002 /* ContentView.swift in Sources */ = {isa = PBXBuildFile; fileRef = F10000000000000000000002 /* ContentView.swift */; };
		F20000000000000000000003 /* ChatView.swift in Sources */ = {isa = PBXBuildFile; fileRef = F10000000000000000000003 /* ChatView.swift */; };
		F20000000000000000000004 /* MessageBubble.swift in Sources */ = {isa = PBXBuildFile; fileRef = F10000000000000000000004 /* MessageBubble.swift */; };
		F20000000000000000000005 /* SidebarView.swift in Sources */ = {isa = PBXBuildFile; fileRef = F10000000000000000000005 /* SidebarView.swift */; };
		F20000000000000000000006 /* SettingsView.swift in Sources */ = {isa = PBXBuildFile; fileRef = F10000000000000000000006 /* SettingsView.swift */; };
		F20000000000000000000007 /* Models.swift in Sources */ = {isa = PBXBuildFile; fileRef = F10000000000000000000007 /* Models.swift */; };
		F20000000000000000000008 /* APIService.swift in Sources */ = {isa = PBXBuildFile; fileRef = F10000000000000000000008 /* APIService.swift */; };
		F20000000000000000000009 /* ChatViewModel.swift in Sources */ = {isa = PBXBuildFile; fileRef = F10000000000000000000009 /* ChatViewModel.swift */; };
		F2000000000000000000000A /* Extensions.swift in Sources */ = {isa = PBXBuildFile; fileRef = F1000000000000000000000A /* Extensions.swift */; };
		F2000000000000000000000B /* Assets.xcassets in Resources */ = {isa = PBXBuildFile; fileRef = F1000000000000000000000B /* Assets.xcassets */; };
		F2000000000000000000000E /* UsageView.swift in Sources */ = {isa = PBXBuildFile; fileRef = F1000000000000000000000E /* UsageView.swift */; };
		F2000000000000000000000F /* AgentService.swift in Sources */ = {isa = PBXBuildFile; fileRef = F1000000000000000000000F /* AgentService.swift */; };
		F20000000000000000000010 /* RemindersService.swift in Sources */ = {isa = PBXBuildFile; fileRef = F10000000000000000000010 /* RemindersService.swift */; };
		F20000000000000000000011 /* SlashCommands.swift in Sources */ = {isa = PBXBuildFile; fileRef = F10000000000000000000011 /* SlashCommands.swift */; };
		F20000000000000000000012 /* ChaoxingService.swift in Sources */ = {isa = PBXBuildFile; fileRef = F10000000000000000000012 /* ChaoxingService.swift */; };
		F20000000000000000000013 /* ChaoxingLoginView.swift in Sources */ = {isa = PBXBuildFile; fileRef = F10000000000000000000013 /* ChaoxingLoginView.swift */; };
		F20000000000000000000014 /* ScheduleSkill.swift in Sources */ = {isa = PBXBuildFile; fileRef = F10000000000000000000014 /* ScheduleSkill.swift */; };
		F20000000000000000000015 /* ScheduleHarness.swift in Sources */ = {isa = PBXBuildFile; fileRef = F10000000000000000000015 /* ScheduleHarness.swift */; };
		F20000000000000000000016 /* OCRService.swift in Sources */ = {isa = PBXBuildFile; fileRef = F10000000000000000000016 /* OCRService.swift */; };
		F20000000000000000000017 /* ChaoxingMemoryModels.swift in Sources */ = {isa = PBXBuildFile; fileRef = F10000000000000000000017 /* ChaoxingMemoryModels.swift */; };
		F20000000000000000000018 /* ChaoxingMemoryStore.swift in Sources */ = {isa = PBXBuildFile; fileRef = F10000000000000000000018 /* ChaoxingMemoryStore.swift */; };
		F20000000000000000000019 /* ChaoxingMessageFilter.swift in Sources */ = {isa = PBXBuildFile; fileRef = F10000000000000000000019 /* ChaoxingMessageFilter.swift */; };
		F2000000000000000000001A /* ChaoxingMemoryReducer.swift in Sources */ = {isa = PBXBuildFile; fileRef = F1000000000000000000001A /* ChaoxingMemoryReducer.swift */; };
		F2000000000000000000001B /* ChaoxingMemoryAgent.swift in Sources */ = {isa = PBXBuildFile; fileRef = F1000000000000000000001B /* ChaoxingMemoryAgent.swift */; };
		F2000000000000000000001C /* CompanionEngine.swift in Sources */ = {isa = PBXBuildFile; fileRef = F1000000000000000000001C /* CompanionEngine.swift */; };
		F2000000000000000000001D /* ScheduleAgentCore.swift in Sources */ = {isa = PBXBuildFile; fileRef = F1000000000000000000001D /* ScheduleAgentCore.swift */; };
/* End PBXBuildFile section */

/* Begin PBXFileReference section */
		F10000000000000000000001 /* ChatBotApp.swift */ = {isa = PBXFileReference; lastKnownFileType = sourcecode.swift; path = ChatBotApp.swift; sourceTree = "<group>"; };
		F10000000000000000000002 /* ContentView.swift */ = {isa = PBXFileReference; lastKnownFileType = sourcecode.swift; path = ContentView.swift; sourceTree = "<group>"; };
		F10000000000000000000003 /* ChatView.swift */ = {isa = PBXFileReference; lastKnownFileType = sourcecode.swift; path = ChatView.swift; sourceTree = "<group>"; };
		F10000000000000000000004 /* MessageBubble.swift */ = {isa = PBXFileReference; lastKnownFileType = sourcecode.swift; path = MessageBubble.swift; sourceTree = "<group>"; };
		F10000000000000000000005 /* SidebarView.swift */ = {isa = PBXFileReference; lastKnownFileType = sourcecode.swift; path = SidebarView.swift; sourceTree = "<group>"; };
		F10000000000000000000006 /* SettingsView.swift */ = {isa = PBXFileReference; lastKnownFileType = sourcecode.swift; path = SettingsView.swift; sourceTree = "<group>"; };
		F10000000000000000000007 /* Models.swift */ = {isa = PBXFileReference; lastKnownFileType = sourcecode.swift; path = Models.swift; sourceTree = "<group>"; };
		F10000000000000000000008 /* APIService.swift */ = {isa = PBXFileReference; lastKnownFileType = sourcecode.swift; path = APIService.swift; sourceTree = "<group>"; };
		F10000000000000000000009 /* ChatViewModel.swift */ = {isa = PBXFileReference; lastKnownFileType = sourcecode.swift; path = ChatViewModel.swift; sourceTree = "<group>"; };
		F1000000000000000000000A /* Extensions.swift */ = {isa = PBXFileReference; lastKnownFileType = sourcecode.swift; path = Extensions.swift; sourceTree = "<group>"; };
		F1000000000000000000000B /* Assets.xcassets */ = {isa = PBXFileReference; lastKnownFileType = folder.assetcatalog; path = Assets.xcassets; sourceTree = "<group>"; };
		F1000000000000000000000C /* ChatBot.entitlements */ = {isa = PBXFileReference; lastKnownFileType = text.plist.entitlements; path = ChatBot.entitlements; sourceTree = "<group>"; };
		F1000000000000000000000D /* Info.plist */ = {isa = PBXFileReference; lastKnownFileType = text.plist.xml; path = Info.plist; sourceTree = "<group>"; };
		F1000000000000000000000E /* UsageView.swift */ = {isa = PBXFileReference; lastKnownFileType = sourcecode.swift; path = UsageView.swift; sourceTree = "<group>"; };
		F1000000000000000000000F /* AgentService.swift */ = {isa = PBXFileReference; lastKnownFileType = sourcecode.swift; path = AgentService.swift; sourceTree = "<group>"; };
		F10000000000000000000010 /* RemindersService.swift */ = {isa = PBXFileReference; lastKnownFileType = sourcecode.swift; path = RemindersService.swift; sourceTree = "<group>"; };
		F10000000000000000000011 /* SlashCommands.swift */ = {isa = PBXFileReference; lastKnownFileType = sourcecode.swift; path = SlashCommands.swift; sourceTree = "<group>"; };
		F10000000000000000000012 /* ChaoxingService.swift */ = {isa = PBXFileReference; lastKnownFileType = sourcecode.swift; path = ChaoxingService.swift; sourceTree = "<group>"; };
		F10000000000000000000013 /* ChaoxingLoginView.swift */ = {isa = PBXFileReference; lastKnownFileType = sourcecode.swift; path = ChaoxingLoginView.swift; sourceTree = "<group>"; };
		F10000000000000000000014 /* ScheduleSkill.swift */ = {isa = PBXFileReference; lastKnownFileType = sourcecode.swift; path = ScheduleSkill.swift; sourceTree = "<group>"; };
		F10000000000000000000015 /* ScheduleHarness.swift */ = {isa = PBXFileReference; lastKnownFileType = sourcecode.swift; path = ScheduleHarness.swift; sourceTree = "<group>"; };
		F10000000000000000000016 /* OCRService.swift */ = {isa = PBXFileReference; lastKnownFileType = sourcecode.swift; path = OCRService.swift; sourceTree = "<group>"; };
		F10000000000000000000017 /* ChaoxingMemoryModels.swift */ = {isa = PBXFileReference; lastKnownFileType = sourcecode.swift; path = ChaoxingMemoryModels.swift; sourceTree = "<group>"; };
		F10000000000000000000018 /* ChaoxingMemoryStore.swift */ = {isa = PBXFileReference; lastKnownFileType = sourcecode.swift; path = ChaoxingMemoryStore.swift; sourceTree = "<group>"; };
		F10000000000000000000019 /* ChaoxingMessageFilter.swift */ = {isa = PBXFileReference; lastKnownFileType = sourcecode.swift; path = ChaoxingMessageFilter.swift; sourceTree = "<group>"; };
		F1000000000000000000001A /* ChaoxingMemoryReducer.swift */ = {isa = PBXFileReference; lastKnownFileType = sourcecode.swift; path = ChaoxingMemoryReducer.swift; sourceTree = "<group>"; };
		F1000000000000000000001B /* ChaoxingMemoryAgent.swift */ = {isa = PBXFileReference; lastKnownFileType = sourcecode.swift; path = ChaoxingMemoryAgent.swift; sourceTree = "<group>"; };
		F1000000000000000000001C /* CompanionEngine.swift */ = {isa = PBXFileReference; lastKnownFileType = sourcecode.swift; path = CompanionEngine.swift; sourceTree = "<group>"; };
		F1000000000000000000001D /* ScheduleAgentCore.swift */ = {isa = PBXFileReference; lastKnownFileType = sourcecode.swift; path = ScheduleAgentCore.swift; sourceTree = "<group>"; };
		F50000000000000000000001 /* ChatBot.app */ = {isa = PBXFileReference; explicitFileType = wrapper.application; includeInIndex = 0; path = ChatBot.app; sourceTree = BUILT_PRODUCTS_DIR; };
/* End PBXFileReference section */

/* Begin PBXFrameworksBuildPhase section */
		F60000000000000000000003 /* Frameworks */ = {
			isa = PBXFrameworksBuildPhase;
			buildActionMask = 2147483647;
			files = (
			);
			runOnlyForDeploymentPostprocessing = 0;
		};
/* End PBXFrameworksBuildPhase section */

/* Begin PBXGroup section */
		F30000000000000000000001 /* root */ = {
			isa = PBXGroup;
			children = (
				F30000000000000000000002 /* ChatBot */,
				F30000000000000000000003 /* Products */,
			);
			sourceTree = "<group>";
		};
		F30000000000000000000002 /* ChatBot */ = {
			isa = PBXGroup;
			children = (
				F10000000000000000000001 /* ChatBotApp.swift */,
				F10000000000000000000007 /* Models.swift */,
				F10000000000000000000008 /* APIService.swift */,
				F1000000000000000000000F /* AgentService.swift */,
				F10000000000000000000010 /* RemindersService.swift */,
				F10000000000000000000011 /* SlashCommands.swift */,
				F10000000000000000000012 /* ChaoxingService.swift */,
				F10000000000000000000017 /* ChaoxingMemoryModels.swift */,
				F10000000000000000000018 /* ChaoxingMemoryStore.swift */,
				F10000000000000000000019 /* ChaoxingMessageFilter.swift */,
				F1000000000000000000001A /* ChaoxingMemoryReducer.swift */,
				F1000000000000000000001B /* ChaoxingMemoryAgent.swift */,
				F1000000000000000000001C /* CompanionEngine.swift */,
				F10000000000000000000013 /* ChaoxingLoginView.swift */,
				F10000000000000000000014 /* ScheduleSkill.swift */,
				F10000000000000000000015 /* ScheduleHarness.swift */,
				F1000000000000000000001D /* ScheduleAgentCore.swift */,
				F10000000000000000000016 /* OCRService.swift */,
				F10000000000000000000009 /* ChatViewModel.swift */,
				F10000000000000000000002 /* ContentView.swift */,
				F10000000000000000000003 /* ChatView.swift */,
				F10000000000000000000004 /* MessageBubble.swift */,
				F10000000000000000000005 /* SidebarView.swift */,
				F10000000000000000000006 /* SettingsView.swift */,
				F1000000000000000000000A /* Extensions.swift */,
				F1000000000000000000000B /* Assets.xcassets */,
				F1000000000000000000000C /* ChatBot.entitlements */,
				F1000000000000000000000D /* Info.plist */,
			F1000000000000000000000E /* UsageView.swift */,
			);
			path = ChatBot;
			sourceTree = "<group>";
		};
		F30000000000000000000003 /* Products */ = {
			isa = PBXGroup;
			children = (
				F50000000000000000000001 /* ChatBot.app */,
			);
			name = Products;
			sourceTree = "<group>";
		};
/* End PBXGroup section */

/* Begin PBXNativeTarget section */
		F40000000000000000000001 /* ChatBot */ = {
			isa = PBXNativeTarget;
			buildConfigurationList = F80000000000000000000002 /* Build configuration list for PBXNativeTarget "ChatBot" */;
			buildPhases = (
				F60000000000000000000001 /* Sources */,
				F60000000000000000000002 /* Resources */,
				F60000000000000000000003 /* Frameworks */,
			);
			buildRules = (
			);
			dependencies = (
			);
			name = ChatBot;
			productName = ChatBot;
			productReference = F50000000000000000000001 /* ChatBot.app */;
			productType = "com.apple.product-type.application";
		};
/* End PBXNativeTarget section */

/* Begin PBXProject section */
		F90000000000000000000001 /* Project object */ = {
			isa = PBXProject;
			attributes = {
				BuildIndependentTargetsInParallel = 1;
				LastSwiftUpdateCheck = 1500;
				LastUpgradeCheck = 1500;
				TargetAttributes = {
					F40000000000000000000001 = {
						CreatedOnToolsVersion = 15.0;
					};
				};
			};
			buildConfigurationList = F80000000000000000000001 /* Build configuration list for PBXProject "ChatBot" */;
			compatibilityVersion = "Xcode 14.0";
			developmentRegion = en;
			hasScannedForEncodings = 0;
			knownRegions = (
				en,
				Base,
			);
			mainGroup = F30000000000000000000001;
			productRefGroup = F30000000000000000000003 /* Products */;
			projectDirPath = "";
			projectRoot = "";
			targets = (
				F40000000000000000000001 /* ChatBot */,
			);
		};
/* End PBXProject section */

/* Begin PBXResourcesBuildPhase section */
		F60000000000000000000002 /* Resources */ = {
			isa = PBXResourcesBuildPhase;
			buildActionMask = 2147483647;
			files = (
				F2000000000000000000000B /* Assets.xcassets in Resources */,
			);
			runOnlyForDeploymentPostprocessing = 0;
		};
/* End PBXResourcesBuildPhase section */

/* Begin PBXSourcesBuildPhase section */
		F60000000000000000000001 /* Sources */ = {
			isa = PBXSourcesBuildPhase;
			buildActionMask = 2147483647;
			files = (
				F20000000000000000000001 /* ChatBotApp.swift in Sources */,
				F20000000000000000000002 /* ContentView.swift in Sources */,
				F20000000000000000000003 /* ChatView.swift in Sources */,
				F20000000000000000000004 /* MessageBubble.swift in Sources */,
				F20000000000000000000005 /* SidebarView.swift in Sources */,
				F20000000000000000000006 /* SettingsView.swift in Sources */,
				F20000000000000000000007 /* Models.swift in Sources */,
				F20000000000000000000008 /* APIService.swift in Sources */,
				F2000000000000000000000F /* AgentService.swift in Sources */,
				F20000000000000000000010 /* RemindersService.swift in Sources */,
				F20000000000000000000011 /* SlashCommands.swift in Sources */,
				F20000000000000000000012 /* ChaoxingService.swift in Sources */,
				F20000000000000000000017 /* ChaoxingMemoryModels.swift in Sources */,
				F20000000000000000000018 /* ChaoxingMemoryStore.swift in Sources */,
				F20000000000000000000019 /* ChaoxingMessageFilter.swift in Sources */,
				F2000000000000000000001A /* ChaoxingMemoryReducer.swift in Sources */,
				F2000000000000000000001B /* ChaoxingMemoryAgent.swift in Sources */,
				F2000000000000000000001C /* CompanionEngine.swift in Sources */,
				F20000000000000000000013 /* ChaoxingLoginView.swift in Sources */,
				F20000000000000000000014 /* ScheduleSkill.swift in Sources */,
				F20000000000000000000015 /* ScheduleHarness.swift in Sources */,
				F2000000000000000000001D /* ScheduleAgentCore.swift in Sources */,
				F20000000000000000000016 /* OCRService.swift in Sources */,
				F20000000000000000000009 /* ChatViewModel.swift in Sources */,
				F2000000000000000000000A /* Extensions.swift in Sources */,
			F2000000000000000000000E /* UsageView.swift in Sources */,
			);
			runOnlyForDeploymentPostprocessing = 0;
		};
/* End PBXSourcesBuildPhase section */

/* Begin XCBuildConfiguration section */
		F70000000000000000000001 /* Debug */ = {
			isa = XCBuildConfiguration;
			buildSettings = {
				ALWAYS_SEARCH_USER_PATHS = NO;
				CLANG_ANALYZER_NONNULL = YES;
				CLANG_CXX_LANGUAGE_STANDARD = "gnu++20";
				CLANG_ENABLE_MODULES = YES;
				CLANG_ENABLE_OBJC_ARC = YES;
				CLANG_ENABLE_OBJC_WEAK = YES;
				CLANG_WARN_BLOCK_CAPTURE_AUTORELEASING = YES;
				CLANG_WARN_BOOL_CONVERSION = YES;
				CLANG_WARN_COMMA = YES;
				CLANG_WARN_CONSTANT_CONVERSION = YES;
				CLANG_WARN_DEPRECATED_OBJC_IMPLEMENTATIONS = YES;
				CLANG_WARN_DIRECT_OBJC_ISA_USAGE = YES_ERROR;
				CLANG_WARN_EMPTY_BODY = YES;
				CLANG_WARN_ENUM_CONVERSION = YES;
				CLANG_WARN_INFINITE_RECURSION = YES;
				CLANG_WARN_INT_CONVERSION = YES;
				CLANG_WARN_NON_LITERAL_NULL_CONVERSION = YES;
				CLANG_WARN_OBJC_IMPLICIT_RETAIN_CYCLE = YES;
				CLANG_WARN_OBJC_LITERAL_CONVERSION = YES;
				CLANG_WARN_OBJC_ROOT_CLASS = YES_ERROR;
				CLANG_WARN_RANGE_LOOP_ANALYSIS = YES;
				CLANG_WARN_STRICT_PROTOTYPES = YES;
				CLANG_WARN_SUSPICIOUS_MOVE = YES;
				CLANG_WARN_UNGUARDED_AVAILABILITY = YES_AGGRESSIVE;
				CLANG_WARN_UNREACHABLE_CODE = YES;
				CLANG_WARN__DUPLICATE_METHOD_MATCH = YES;
				COPY_PHASE_STRIP = NO;
				DEBUG_INFORMATION_FORMAT = dwarf;
				ENABLE_STRICT_OBJC_MSGSEND = YES;
				ENABLE_TESTABILITY = YES;
				GCC_C_LANGUAGE_STANDARD = gnu17;
				GCC_DYNAMIC_NO_PIC = NO;
				GCC_NO_COMMON_BLOCKS = YES;
				GCC_OPTIMIZATION_LEVEL = 0;
				GCC_PREPROCESSOR_DEFINITIONS = (
					"DEBUG=1",
					"$(inherited)",
				);
				GCC_WARN_64_TO_32_BIT_CONVERSION = YES;
				GCC_WARN_ABOUT_RETURN_TYPE = YES_ERROR;
				GCC_WARN_UNDECLARED_SELECTOR = YES;
				GCC_WARN_UNINITIALIZED_AUTOS = YES_AGGRESSIVE;
				GCC_WARN_UNUSED_FUNCTION = YES;
				GCC_WARN_UNUSED_VARIABLE = YES;
				MACOSX_DEPLOYMENT_TARGET = 14.0;
				MTL_ENABLE_DEBUG_INFO = INCLUDE_SOURCE;
				MTL_FAST_MATH = YES;
				ONLY_ACTIVE_ARCH = YES;
				SDKROOT = macosx;
				SWIFT_ACTIVE_COMPILATION_CONDITIONS = DEBUG;
				SWIFT_OPTIMIZATION_LEVEL = "-Onone";
			};
			name = Debug;
		};
		F70000000000000000000002 /* Release */ = {
			isa = XCBuildConfiguration;
			buildSettings = {
				ALWAYS_SEARCH_USER_PATHS = NO;
				CLANG_ANALYZER_NONNULL = YES;
				CLANG_CXX_LANGUAGE_STANDARD = "gnu++20";
				CLANG_ENABLE_MODULES = YES;
				CLANG_ENABLE_OBJC_ARC = YES;
				CLANG_ENABLE_OBJC_WEAK = YES;
				CLANG_WARN_BLOCK_CAPTURE_AUTORELEASING = YES;
				CLANG_WARN_BOOL_CONVERSION = YES;
				CLANG_WARN_COMMA = YES;
				CLANG_WARN_CONSTANT_CONVERSION = YES;
				CLANG_WARN_DEPRECATED_OBJC_IMPLEMENTATIONS = YES;
				CLANG_WARN_DIRECT_OBJC_ISA_USAGE = YES_ERROR;
				CLANG_WARN_EMPTY_BODY = YES;
				CLANG_WARN_ENUM_CONVERSION = YES;
				CLANG_WARN_INFINITE_RECURSION = YES;
				CLANG_WARN_INT_CONVERSION = YES;
				CLANG_WARN_NON_LITERAL_NULL_CONVERSION = YES;
				CLANG_WARN_OBJC_IMPLICIT_RETAIN_CYCLE = YES;
				CLANG_WARN_OBJC_LITERAL_CONVERSION = YES;
				CLANG_WARN_OBJC_ROOT_CLASS = YES_ERROR;
				CLANG_WARN_RANGE_LOOP_ANALYSIS = YES;
				CLANG_WARN_STRICT_PROTOTYPES = YES;
				CLANG_WARN_SUSPICIOUS_MOVE = YES;
				CLANG_WARN_UNGUARDED_AVAILABILITY = YES_AGGRESSIVE;
				CLANG_WARN_UNREACHABLE_CODE = YES;
				CLANG_WARN__DUPLICATE_METHOD_MATCH = YES;
				COPY_PHASE_STRIP = NO;
				DEBUG_INFORMATION_FORMAT = "dwarf-with-dsym";
				ENABLE_NS_ASSERTIONS = NO;
				ENABLE_STRICT_OBJC_MSGSEND = YES;
				GCC_C_LANGUAGE_STANDARD = gnu17;
				GCC_NO_COMMON_BLOCKS = YES;
				GCC_WARN_64_TO_32_BIT_CONVERSION = YES;
				GCC_WARN_ABOUT_RETURN_TYPE = YES_ERROR;
				GCC_WARN_UNDECLARED_SELECTOR = YES;
				GCC_WARN_UNINITIALIZED_AUTOS = YES_AGGRESSIVE;
				GCC_WARN_UNUSED_FUNCTION = YES;
				GCC_WARN_UNUSED_VARIABLE = YES;
				MACOSX_DEPLOYMENT_TARGET = 14.0;
				MTL_FAST_MATH = YES;
				SDKROOT = macosx;
				SWIFT_COMPILATION_MODE = wholemodule;
				SWIFT_OPTIMIZATION_LEVEL = "-O";
			};
			name = Release;
		};
		F70000000000000000000003 /* Debug */ = {
			isa = XCBuildConfiguration;
			buildSettings = {
				ASSETCATALOG_COMPILER_APPICON_NAME = AppIcon;
				ASSETCATALOG_COMPILER_GLOBAL_ACCENT_COLOR_NAME = AccentColor;
				CODE_SIGN_ENTITLEMENTS = ChatBot/ChatBot.entitlements;
				CODE_SIGN_STYLE = Automatic;
				COMBINE_HIDPI_IMAGES = YES;
				CURRENT_PROJECT_VERSION = 2;
				DEVELOPMENT_TEAM = "";
				ENABLE_HARDENED_RUNTIME = YES;
				GENERATE_INFOPLIST_FILE = NO;
				INFOPLIST_FILE = ChatBot/Info.plist;
				INFOPLIST_KEY_CFBundleDisplayName = ChatBot;
				INFOPLIST_KEY_NSHumanReadableCopyright = "";
				INFOPLIST_KEY_NSPrincipalClass = NSApplication;
				MACOSX_DEPLOYMENT_TARGET = 14.0;
				MARKETING_VERSION = 1.1;
				PRODUCT_BUNDLE_IDENTIFIER = com.chatbot.app;
				PRODUCT_NAME = "$(TARGET_NAME)";
				SDKROOT = macosx;
				SWIFT_EMIT_LOC_STRINGS = YES;
				SWIFT_VERSION = 5.0;
			};
			name = Debug;
		};
		F70000000000000000000004 /* Release */ = {
			isa = XCBuildConfiguration;
			buildSettings = {
				ASSETCATALOG_COMPILER_APPICON_NAME = AppIcon;
				ASSETCATALOG_COMPILER_GLOBAL_ACCENT_COLOR_NAME = AccentColor;
				CODE_SIGN_ENTITLEMENTS = ChatBot/ChatBot.entitlements;
				CODE_SIGN_STYLE = Automatic;
				COMBINE_HIDPI_IMAGES = YES;
				CURRENT_PROJECT_VERSION = 2;
				DEVELOPMENT_TEAM = "";
				ENABLE_HARDENED_RUNTIME = YES;
				GENERATE_INFOPLIST_FILE = NO;
				INFOPLIST_FILE = ChatBot/Info.plist;
				INFOPLIST_KEY_CFBundleDisplayName = ChatBot;
				INFOPLIST_KEY_NSHumanReadableCopyright = "";
				INFOPLIST_KEY_NSPrincipalClass = NSApplication;
				MACOSX_DEPLOYMENT_TARGET = 14.0;
				MARKETING_VERSION = 1.1;
				PRODUCT_BUNDLE_IDENTIFIER = com.chatbot.app;
				PRODUCT_NAME = "$(TARGET_NAME)";
				SDKROOT = macosx;
				SWIFT_EMIT_LOC_STRINGS = YES;
				SWIFT_VERSION = 5.0;
			};
			name = Release;
		};
/* End XCBuildConfiguration section */

/* Begin XCConfigurationList section */
		F80000000000000000000001 /* Build configuration list for PBXProject "ChatBot" */ = {
			isa = XCConfigurationList;
			buildConfigurations = (
				F70000000000000000000001 /* Debug */,
				F70000000000000000000002 /* Release */,
			);
			defaultConfigurationIsVisible = 0;
			defaultConfigurationName = Release;
		};
		F80000000000000000000002 /* Build configuration list for PBXNativeTarget "ChatBot" */ = {
			isa = XCConfigurationList;
			buildConfigurations = (
				F70000000000000000000003 /* Debug */,
				F70000000000000000000004 /* Release */,
			);
			defaultConfigurationIsVisible = 0;
			defaultConfigurationName = Release;
		};
/* End XCConfigurationList section */
	};
	rootObject = F90000000000000000000001 /* Project object */;
}
